
Microsoft Visual Studio Solution File, Format Version 12.00
# Visual Studio Version 17
VisualStudioVersion = 17.7.34202.233
MinimumVisualStudioVersion = 10.0.40219.1
Project("{9A19103F-16F7-4668-BE54-9A1E7A4F7556}") = "GenerateJsonApp", "GenerateJsonApp\GenerateJsonApp.csproj", "{D6029880-B4DA-44C6-BEAF-9C7EE1F643C9}"
EndProject
Project("{9A19103F-16F7-4668-BE54-9A1E7A4F7556}") = "ModelsLibrary", "ModelsLibrary\ModelsLibrary.csproj", "{2E016874-04C7-4751-990F-D4757C90BC0A}"
EndProject
Project("{9A19103F-16F7-4668-BE54-9A1E7A4F7556}") = "ReadOddJsonApp", "ReadOddJsonApp\ReadOddJsonApp.csproj", "{EDF9A47D-82B3-4D92-89C9-4BD25A6D8AAB}"
EndProject
Project("{9A19103F-16F7-4668-BE54-9A1E7A4F7556}") = "UtilityLibrary", "UtilityLibrary\UtilityLibrary.csproj", "{A4C9CBD2-A25A-416A-B5FA-BFBE37FF8840}"
EndProject
Project("{2150E333-8FDC-42A3-9474-1A3956D46DE8}") = "Solution Items", "Solution Items", "{065ADFDF-87D9-4AA7-AE68-24FE6D1CFD97}"
	ProjectSection(SolutionItems) = preProject
		readme.md = readme.md
	EndProjectSection
EndProject
Project("{9A19103F-16F7-4668-BE54-9A1E7A4F7556}") = "JsonHelperLibrary", "JsonHelperLibrary\JsonHelperLibrary.csproj", "{7AE33990-DE88-4450-AB01-9F8CABAE453B}"
EndProject
Project("{2150E333-8FDC-42A3-9474-1A3956D46DE8}") = "Class projects", "Class projects", "{082F5726-2EC7-48E2-B756-C91844A31DE5}"
EndProject
Project("{9A19103F-16F7-4668-BE54-9A1E7A4F7556}") = "WorkingWithJsonApp", "WorkingWithJsonApp\WorkingWithJsonApp.csproj", "{1134E1AB-5070-4B3D-A0CA-787D93DAF6BD}"
EndProject
Project("{2150E333-8FDC-42A3-9474-1A3956D46DE8}") = "Perfect world", "Perfect world", "{9AA2EC9F-E71B-4A26-9C6C-9402DC6DD0C0}"
EndProject
Project("{9A19103F-16F7-4668-BE54-9A1E7A4F7556}") = "PerfectWorld1", "PerfectWorld1\PerfectWorld1.csproj", "{4C87B8CE-999C-41CF-860B-B026F39A7EE5}"
EndProject
Project("{9A19103F-16F7-4668-BE54-9A1E7A4F7556}") = "DataGridViewCheckBoxApp1", "DataGridViewCheckBoxApp1\DataGridViewCheckBoxApp1.csproj", "{878221DC-4409-4A81-A140-3BD8213C96C3}"
EndProject
Project("{9A19103F-16F7-4668-BE54-9A1E7A4F7556}") = "OtherApp", "OtherApp\OtherApp.csproj", "{59225930-9C7F-4017-8F42-35BCCA6C58F7}"
EndProject
Project("{9A19103F-16F7-4668-BE54-9A1E7A4F7556}") = "WithAdditionModifierApp", "WithAdditionModifierApp\WithAdditionModifierApp.csproj", "{B028A8C5-F328-4C85-847E-17AF00DE1214}"
EndProject
Project("{9A19103F-16F7-4668-BE54-9A1E7A4F7556}") = "PracticeConsoleApp", "PracticeConsoleApp\PracticeConsoleApp.csproj", "{34FA5BF5-6FD4-4B2C-BE04-6FDCDF025C88}"
EndProject
Project("{9A19103F-16F7-4668-BE54-9A1E7A4F7556}") = "JsonConvertersSampleApp", "JsonConvertersSampleApp\JsonConvertersSampleApp.csproj", "{C2020D87-130B-4A39-A588-0BDF608915E9}"
EndProject
Project("{2150E333-8FDC-42A3-9474-1A3956D46DE8}") = "October 2024", "October 2024", "{8491B974-538B-47A6-B473-5AAE0F31BD7B}"
	ProjectSection(SolutionItems) = preProject
		october2024.md = october2024.md
	EndProjectSection
EndProject
Project("{9A19103F-16F7-4668-BE54-9A1E7A4F7556}") = "JsonConvertersSampleLibrary", "JsonConvertersSampleLibrary\JsonConvertersSampleLibrary.csproj", "{10C80A4E-3C96-4C22-9926-42486B7B78AD}"
EndProject
Project("{FAE04EC0-301F-11D3-BF4B-00C04F79EFBC}") = "DiacriticsConverterApp", "DiacriticsConverterApp\DiacriticsConverterApp.csproj", "{E7627AE6-22FA-4599-99FE-36442995F3DA}"
EndProject
Project("{FAE04EC0-301F-11D3-BF4B-00C04F79EFBC}") = "BypassRequiredExample", "BypassRequiredExample\BypassRequiredExample.csproj", "{94B36CCF-5652-48C5-899D-38932AA29567}"
EndProject
Project("{FAE04EC0-301F-11D3-BF4B-00C04F79EFBC}") = "DateTimeConverterApp", "DateTimeConverterApp\DateTimeConverterApp.csproj", "{D01A6CF7-A243-469B-B97B-FFDC396C3861}"
EndProject
Project("{FAE04EC0-301F-11D3-BF4B-00C04F79EFBC}") = "JsonLibrary", "JsonLibrary\JsonLibrary.csproj", "{2A092F36-792A-4BF3-BF03-4EDF9F2CA120}"
EndProject
Project("{FAE04EC0-301F-11D3-BF4B-00C04F79EFBC}") = "JsonCommentsApp", "JsonCommentsApp\JsonCommentsApp.csproj", "{89A9DF48-F526-4500-B801-8DC482AF5008}"
EndProject
Project("{2150E333-8FDC-42A3-9474-1A3956D46DE8}") = "Stackoverflow", "Stackoverflow", "{F564100C-7E29-469F-95B0-5C7E46E6146A}"
EndProject
Project("{FAE04EC0-301F-11D3-BF4B-00C04F79EFBC}") = "ItemListJsonConverterExample", "ItemListJsonConverterExample\ItemListJsonConverterExample.csproj", "{E5E81463-559C-42A7-A3EE-9F4508BECFA7}"
EndProject
Project("{2150E333-8FDC-42A3-9474-1A3956D46DE8}") = "TryGetProperty samples", "TryGetProperty samples", "{ED8812E4-A9C4-49E9-B564-6162A2DDA2F9}"
EndProject
Project("{FAE04EC0-301F-11D3-BF4B-00C04F79EFBC}") = "TryGetPropertySample", "TryGetPropertySample\TryGetPropertySample.csproj", "{50C64956-2C5B-4205-9319-7E607DCCE1CE}"
EndProject
Project("{FAE04EC0-301F-11D3-BF4B-00C04F79EFBC}") = "ValidateOnStartConsoleApp", "ValidateOnStartConsoleApp\ValidateOnStartConsoleApp.csproj", "{F9CBE9A5-7B88-42E6-BA21-A52D4C7DFEAE}"
EndProject
Project("{FAE04EC0-301F-11D3-BF4B-00C04F79EFBC}") = "ReadConnectionStringAndCreateNewDatabase", "ReadConnectionStringAndCreateNewDatabase\ReadConnectionStringAndCreateNewDatabase.csproj", "{C88CCBF9-3D3A-4207-97C7-579867EA076F}"
EndProject
Project("{FAE04EC0-301F-11D3-BF4B-00C04F79EFBC}") = "JsonNullableDatesApp", "JsonNullableDatesApp\JsonNullableDatesApp.csproj", "{B6E03C21-24E6-4249-DEBC-D45E01DAA7F5}"
EndProject
Project("{FAE04EC0-301F-11D3-BF4B-00C04F79EFBC}") = "UpperCaseCharConverter", "UpperCaseCharConverter\UpperCaseCharConverter.csproj", "{1C25A171-1565-4556-95EB-7F07720D9E6D}"
EndProject
Project("{FAE04EC0-301F-11D3-BF4B-00C04F79EFBC}") = "ToJsonInClassApp", "ToJsonInClassApp\ToJsonInClassApp.csproj", "{9F633BCB-7A4F-485B-A943-E61BACEE37ED}"
EndProject
Project("{2150E333-8FDC-42A3-9474-1A3956D46DE8}") = "AI Temp", "AI Temp", "{354DCFED-7CBA-48BF-1B15-1ECFE769B427}"
EndProject
Project("{FAE04EC0-301F-11D3-BF4B-00C04F79EFBC}") = "Tinkering", "Tinkering\Tinkering.csproj", "{0DFB68C1-9389-4A35-8F02-767D55634BB9}"
EndProject
Project("{FAE04EC0-301F-11D3-BF4B-00C04F79EFBC}") = "RemovePropertyApp", "RemovePropertyApp\RemovePropertyApp.csproj", "{3769BBC5-1991-4821-B93E-C955EDB230F9}"
EndProject
Project("{FAE04EC0-301F-11D3-BF4B-00C04F79EFBC}") = "ReadJsonFromGitHubRepositoryApp", "ReadJsonFromGitHubRepositoryApp\ReadJsonFromGitHubRepositoryApp.csproj", "{40A1D481-96D0-49F8-9C4C-4C1B8ED84D36}"
EndProject
Global
	GlobalSection(SolutionConfigurationPlatforms) = preSolution
		Debug|Any CPU = Debug|Any CPU
		Release|Any CPU = Release|Any CPU
	EndGlobalSection
	GlobalSection(ProjectConfigurationPlatforms) = postSolution
		{D6029880-B4DA-44C6-BEAF-9C7EE1F643C9}.Debug|Any CPU.ActiveCfg = Debug|Any CPU
		{D6029880-B4DA-44C6-BEAF-9C7EE1F643C9}.Debug|Any CPU.Build.0 = Debug|Any CPU
		{D6029880-B4DA-44C6-BEAF-9C7EE1F643C9}.Release|Any CPU.ActiveCfg = Release|Any CPU
		{D6029880-B4DA-44C6-BEAF-9C7EE1F643C9}.Release|Any CPU.Build.0 = Release|Any CPU
		{2E016874-04C7-4751-990F-D4757C90BC0A}.Debug|Any CPU.ActiveCfg = Debug|Any CPU
		{2E016874-04C7-4751-990F-D4757C90BC0A}.Debug|Any CPU.Build.0 = Debug|Any CPU
		{2E016874-04C7-4751-990F-D4757C90BC0A}.Release|Any CPU.ActiveCfg = Release|Any CPU
		{2E016874-04C7-4751-990F-D4757C90BC0A}.Release|Any CPU.Build.0 = Release|Any CPU
		{EDF9A47D-82B3-4D92-89C9-4BD25A6D8AAB}.Debug|Any CPU.ActiveCfg = Debug|Any CPU
		{EDF9A47D-82B3-4D92-89C9-4BD25A6D8AAB}.Debug|Any CPU.Build.0 = Debug|Any CPU
		{EDF9A47D-82B3-4D92-89C9-4BD25A6D8AAB}.Release|Any CPU.ActiveCfg = Release|Any CPU
		{EDF9A47D-82B3-4D92-89C9-4BD25A6D8AAB}.Release|Any CPU.Build.0 = Release|Any CPU
		{A4C9CBD2-A25A-416A-B5FA-BFBE37FF8840}.Debug|Any CPU.ActiveCfg = Debug|Any CPU
		{A4C9CBD2-A25A-416A-B5FA-BFBE37FF8840}.Debug|Any CPU.Build.0 = Debug|Any CPU
		{A4C9CBD2-A25A-416A-B5FA-BFBE37FF8840}.Release|Any CPU.ActiveCfg = Release|Any CPU
		{A4C9CBD2-A25A-416A-B5FA-BFBE37FF8840}.Release|Any CPU.Build.0 = Release|Any CPU
		{7AE33990-DE88-4450-AB01-9F8CABAE453B}.Debug|Any CPU.ActiveCfg = Debug|Any CPU
		{7AE33990-DE88-4450-AB01-9F8CABAE453B}.Debug|Any CPU.Build.0 = Debug|Any CPU
		{7AE33990-DE88-4450-AB01-9F8CABAE453B}.Release|Any CPU.ActiveCfg = Release|Any CPU
		{7AE33990-DE88-4450-AB01-9F8CABAE453B}.Release|Any CPU.Build.0 = Release|Any CPU
		{1134E1AB-5070-4B3D-A0CA-787D93DAF6BD}.Debug|Any CPU.ActiveCfg = Debug|Any CPU
		{1134E1AB-5070-4B3D-A0CA-787D93DAF6BD}.Debug|Any CPU.Build.0 = Debug|Any CPU
		{1134E1AB-5070-4B3D-A0CA-787D93DAF6BD}.Release|Any CPU.ActiveCfg = Release|Any CPU
		{1134E1AB-5070-4B3D-A0CA-787D93DAF6BD}.Release|Any CPU.Build.0 = Release|Any CPU
		{4C87B8CE-999C-41CF-860B-B026F39A7EE5}.Debug|Any CPU.ActiveCfg = Debug|Any CPU
		{4C87B8CE-999C-41CF-860B-B026F39A7EE5}.Debug|Any CPU.Build.0 = Debug|Any CPU
		{4C87B8CE-999C-41CF-860B-B026F39A7EE5}.Release|Any CPU.ActiveCfg = Release|Any CPU
		{4C87B8CE-999C-41CF-860B-B026F39A7EE5}.Release|Any CPU.Build.0 = Release|Any CPU
		{878221DC-4409-4A81-A140-3BD8213C96C3}.Debug|Any CPU.ActiveCfg = Debug|Any CPU
		{878221DC-4409-4A81-A140-3BD8213C96C3}.Debug|Any CPU.Build.0 = Debug|Any CPU
		{878221DC-4409-4A81-A140-3BD8213C96C3}.Release|Any CPU.ActiveCfg = Release|Any CPU
		{878221DC-4409-4A81-A140-3BD8213C96C3}.Release|Any CPU.Build.0 = Release|Any CPU
		{59225930-9C7F-4017-8F42-35BCCA6C58F7}.Debug|Any CPU.ActiveCfg = Debug|Any CPU
		{59225930-9C7F-4017-8F42-35BCCA6C58F7}.Debug|Any CPU.Build.0 = Debug|Any CPU
		{59225930-9C7F-4017-8F42-35BCCA6C58F7}.Release|Any CPU.ActiveCfg = Release|Any CPU
		{59225930-9C7F-4017-8F42-35BCCA6C58F7}.Release|Any CPU.Build.0 = Release|Any CPU
		{B028A8C5-F328-4C85-847E-17AF00DE1214}.Debug|Any CPU.ActiveCfg = Debug|Any CPU
		{B028A8C5-F328-4C85-847E-17AF00DE1214}.Debug|Any CPU.Build.0 = Debug|Any CPU
		{B028A8C5-F328-4C85-847E-17AF00DE1214}.Release|Any CPU.ActiveCfg = Release|Any CPU
		{B028A8C5-F328-4C85-847E-17AF00DE1214}.Release|Any CPU.Build.0 = Release|Any CPU
		{34FA5BF5-6FD4-4B2C-BE04-6FDCDF025C88}.Debug|Any CPU.ActiveCfg = Debug|Any CPU
		{34FA5BF5-6FD4-4B2C-BE04-6FDCDF025C88}.Debug|Any CPU.Build.0 = Debug|Any CPU
		{34FA5BF5-6FD4-4B2C-BE04-6FDCDF025C88}.Release|Any CPU.ActiveCfg = Release|Any CPU
		{34FA5BF5-6FD4-4B2C-BE04-6FDCDF025C88}.Release|Any CPU.Build.0 = Release|Any CPU
		{C2020D87-130B-4A39-A588-0BDF608915E9}.Debug|Any CPU.ActiveCfg = Debug|Any CPU
		{C2020D87-130B-4A39-A588-0BDF608915E9}.Debug|Any CPU.Build.0 = Debug|Any CPU
		{C2020D87-130B-4A39-A588-0BDF608915E9}.Release|Any CPU.ActiveCfg = Release|Any CPU
		{C2020D87-130B-4A39-A588-0BDF608915E9}.Release|Any CPU.Build.0 = Release|Any CPU
		{10C80A4E-3C96-4C22-9926-42486B7B78AD}.Debug|Any CPU.ActiveCfg = Debug|Any CPU
		{10C80A4E-3C96-4C22-9926-42486B7B78AD}.Debug|Any CPU.Build.0 = Debug|Any CPU
		{10C80A4E-3C96-4C22-9926-42486B7B78AD}.Release|Any CPU.ActiveCfg = Release|Any CPU
		{10C80A4E-3C96-4C22-9926-42486B7B78AD}.Release|Any CPU.Build.0 = Release|Any CPU
		{E7627AE6-22FA-4599-99FE-36442995F3DA}.Debug|Any CPU.ActiveCfg = Debug|Any CPU
		{E7627AE6-22FA-4599-99FE-36442995F3DA}.Debug|Any CPU.Build.0 = Debug|Any CPU
		{E7627AE6-22FA-4599-99FE-36442995F3DA}.Release|Any CPU.ActiveCfg = Release|Any CPU
		{E7627AE6-22FA-4599-99FE-36442995F3DA}.Release|Any CPU.Build.0 = Release|Any CPU
		{94B36CCF-5652-48C5-899D-38932AA29567}.Debug|Any CPU.ActiveCfg = Debug|Any CPU
		{94B36CCF-5652-48C5-899D-38932AA29567}.Debug|Any CPU.Build.0 = Debug|Any CPU
		{94B36CCF-5652-48C5-899D-38932AA29567}.Release|Any CPU.ActiveCfg = Release|Any CPU
		{94B36CCF-5652-48C5-899D-38932AA29567}.Release|Any CPU.Build.0 = Release|Any CPU
		{D01A6CF7-A243-469B-B97B-FFDC396C3861}.Debug|Any CPU.ActiveCfg = Debug|Any CPU
		{D01A6CF7-A243-469B-B97B-FFDC396C3861}.Debug|Any CPU.Build.0 = Debug|Any CPU
		{D01A6CF7-A243-469B-B97B-FFDC396C3861}.Release|Any CPU.ActiveCfg = Release|Any CPU
		{D01A6CF7-A243-469B-B97B-FFDC396C3861}.Release|Any CPU.Build.0 = Release|Any CPU
		{2A092F36-792A-4BF3-BF03-4EDF9F2CA120}.Debug|Any CPU.ActiveCfg = Debug|Any CPU
		{2A092F36-792A-4BF3-BF03-4EDF9F2CA120}.Debug|Any CPU.Build.0 = Debug|Any CPU
		{2A092F36-792A-4BF3-BF03-4EDF9F2CA120}.Release|Any CPU.ActiveCfg = Release|Any CPU
		{2A092F36-792A-4BF3-BF03-4EDF9F2CA120}.Release|Any CPU.Build.0 = Release|Any CPU
		{89A9DF48-F526-4500-B801-8DC482AF5008}.Debug|Any CPU.ActiveCfg = Debug|Any CPU
		{89A9DF48-F526-4500-B801-8DC482AF5008}.Debug|Any CPU.Build.0 = Debug|Any CPU
		{89A9DF48-F526-4500-B801-8DC482AF5008}.Release|Any CPU.ActiveCfg = Release|Any CPU
		{89A9DF48-F526-4500-B801-8DC482AF5008}.Release|Any CPU.Build.0 = Release|Any CPU
		{E5E81463-559C-42A7-A3EE-9F4508BECFA7}.Debug|Any CPU.ActiveCfg = Debug|Any CPU
		{E5E81463-559C-42A7-A3EE-9F4508BECFA7}.Debug|Any CPU.Build.0 = Debug|Any CPU
		{E5E81463-559C-42A7-A3EE-9F4508BECFA7}.Release|Any CPU.ActiveCfg = Release|Any CPU
		{E5E81463-559C-42A7-A3EE-9F4508BECFA7}.Release|Any CPU.Build.0 = Release|Any CPU
		{50C64956-2C5B-4205-9319-7E607DCCE1CE}.Debug|Any CPU.ActiveCfg = Debug|Any CPU
		{50C64956-2C5B-4205-9319-7E607DCCE1CE}.Debug|Any CPU.Build.0 = Debug|Any CPU
		{50C64956-2C5B-4205-9319-7E607DCCE1CE}.Release|Any CPU.ActiveCfg = Release|Any CPU
		{50C64956-2C5B-4205-9319-7E607DCCE1CE}.Release|Any CPU.Build.0 = Release|Any CPU
		{F9CBE9A5-7B88-42E6-BA21-A52D4C7DFEAE}.Debug|Any CPU.ActiveCfg = Debug|Any CPU
		{F9CBE9A5-7B88-42E6-BA21-A52D4C7DFEAE}.Debug|Any CPU.Build.0 = Debug|Any CPU
		{F9CBE9A5-7B88-42E6-BA21-A52D4C7DFEAE}.Release|Any CPU.ActiveCfg = Release|Any CPU
		{F9CBE9A5-7B88-42E6-BA21-A52D4C7DFEAE}.Release|Any CPU.Build.0 = Release|Any CPU
		{C88CCBF9-3D3A-4207-97C7-579867EA076F}.Debug|Any CPU.ActiveCfg = Debug|Any CPU
		{C88CCBF9-3D3A-4207-97C7-579867EA076F}.Debug|Any CPU.Build.0 = Debug|Any CPU
		{C88CCBF9-3D3A-4207-97C7-579867EA076F}.Release|Any CPU.ActiveCfg = Release|Any CPU
		{C88CCBF9-3D3A-4207-97C7-579867EA076F}.Release|Any CPU.Build.0 = Release|Any CPU
		{B6E03C21-24E6-4249-DEBC-D45E01DAA7F5}.Debug|Any CPU.ActiveCfg = Debug|Any CPU
		{B6E03C21-24E6-4249-DEBC-D45E01DAA7F5}.Debug|Any CPU.Build.0 = Debug|Any CPU
		{B6E03C21-24E6-4249-DEBC-D45E01DAA7F5}.Release|Any CPU.ActiveCfg = Release|Any CPU
		{B6E03C21-24E6-4249-DEBC-D45E01DAA7F5}.Release|Any CPU.Build.0 = Release|Any CPU
		{1C25A171-1565-4556-95EB-7F07720D9E6D}.Debug|Any CPU.ActiveCfg = Debug|Any CPU
		{1C25A171-1565-4556-95EB-7F07720D9E6D}.Debug|Any CPU.Build.0 = Debug|Any CPU
		{1C25A171-1565-4556-95EB-7F07720D9E6D}.Release|Any CPU.ActiveCfg = Release|Any CPU
		{1C25A171-1565-4556-95EB-7F07720D9E6D}.Release|Any CPU.Build.0 = Release|Any CPU
		{9F633BCB-7A4F-485B-A943-E61BACEE37ED}.Debug|Any CPU.ActiveCfg = Debug|Any CPU
		{9F633BCB-7A4F-485B-A943-E61BACEE37ED}.Debug|Any CPU.Build.0 = Debug|Any CPU
		{9F633BCB-7A4F-485B-A943-E61BACEE37ED}.Release|Any CPU.ActiveCfg = Release|Any CPU
		{9F633BCB-7A4F-485B-A943-E61BACEE37ED}.Release|Any CPU.Build.0 = Release|Any CPU
		{0DFB68C1-9389-4A35-8F02-767D55634BB9}.Debug|Any CPU.ActiveCfg = Debug|Any CPU
		{0DFB68C1-9389-4A35-8F02-767D55634BB9}.Debug|Any CPU.Build.0 = Debug|Any CPU
		{0DFB68C1-9389-4A35-8F02-767D55634BB9}.Release|Any CPU.ActiveCfg = Release|Any CPU
		{0DFB68C1-9389-4A35-8F02-767D55634BB9}.Release|Any CPU.Build.0 = Release|Any CPU
		{3769BBC5-1991-4821-B93E-C955EDB230F9}.Debug|Any CPU.ActiveCfg = Debug|Any CPU
		{3769BBC5-1991-4821-B93E-C955EDB230F9}.Debug|Any CPU.Build.0 = Debug|Any CPU
		{3769BBC5-1991-4821-B93E-C955EDB230F9}.Release|Any CPU.ActiveCfg = Release|Any CPU
		{3769BBC5-1991-4821-B93E-C955EDB230F9}.Release|Any CPU.Build.0 = Release|Any CPU
		{40A1D481-96D0-49F8-9C4C-4C1B8ED84D36}.Debug|Any CPU.ActiveCfg = Debug|Any CPU
		{40A1D481-96D0-49F8-9C4C-4C1B8ED84D36}.Debug|Any CPU.Build.0 = Debug|Any CPU
		{40A1D481-96D0-49F8-9C4C-4C1B8ED84D36}.Release|Any CPU.ActiveCfg = Release|Any CPU
		{40A1D481-96D0-49F8-9C4C-4C1B8ED84D36}.Release|Any CPU.Build.0 = Release|Any CPU
	EndGlobalSection
	GlobalSection(SolutionProperties) = preSolution
		HideSolutionNode = FALSE
	EndGlobalSection
	GlobalSection(NestedProjects) = preSolution
		{2E016874-04C7-4751-990F-D4757C90BC0A} = {082F5726-2EC7-48E2-B756-C91844A31DE5}
		{A4C9CBD2-A25A-416A-B5FA-BFBE37FF8840} = {082F5726-2EC7-48E2-B756-C91844A31DE5}
		{7AE33990-DE88-4450-AB01-9F8CABAE453B} = {082F5726-2EC7-48E2-B756-C91844A31DE5}
		{4C87B8CE-999C-41CF-860B-B026F39A7EE5} = {9AA2EC9F-E71B-4A26-9C6C-9402DC6DD0C0}
		{C2020D87-130B-4A39-A588-0BDF608915E9} = {8491B974-538B-47A6-B473-5AAE0F31BD7B}
		{10C80A4E-3C96-4C22-9926-42486B7B78AD} = {8491B974-538B-47A6-B473-5AAE0F31BD7B}
		{E7627AE6-22FA-4599-99FE-36442995F3DA} = {8491B974-538B-47A6-B473-5AAE0F31BD7B}
		{2A092F36-792A-4BF3-BF03-4EDF9F2CA120} = {082F5726-2EC7-48E2-B756-C91844A31DE5}
		{E5E81463-559C-42A7-A3EE-9F4508BECFA7} = {F564100C-7E29-469F-95B0-5C7E46E6146A}
		{50C64956-2C5B-4205-9319-7E607DCCE1CE} = {ED8812E4-A9C4-49E9-B564-6162A2DDA2F9}
		{F9CBE9A5-7B88-42E6-BA21-A52D4C7DFEAE} = {ED8812E4-A9C4-49E9-B564-6162A2DDA2F9}
		{C88CCBF9-3D3A-4207-97C7-579867EA076F} = {ED8812E4-A9C4-49E9-B564-6162A2DDA2F9}
		{0DFB68C1-9389-4A35-8F02-767D55634BB9} = {354DCFED-7CBA-48BF-1B15-1ECFE769B427}
		{3769BBC5-1991-4821-B93E-C955EDB230F9} = {F564100C-7E29-469F-95B0-5C7E46E6146A}
		{40A1D481-96D0-49F8-9C4C-4C1B8ED84D36} = {354DCFED-7CBA-48BF-1B15-1ECFE769B427}
	EndGlobalSection
	GlobalSection(ExtensibilityGlobals) = postSolution
		SolutionGuid = {342D7FE6-4218-4C64-8396-D903B378D9DB}
	EndGlobalSection
EndGlobal
